
Microsoft Visual Studio Solution File, Format Version 12.00
# Visual Studio Version 16
VisualStudioVersion = 16.0.30717.126
MinimumVisualStudioVersion = 10.0.40219.1
Project("{FAE04EC0-301F-11D3-BF4B-00C04F79EFBC}") = "MotaAPI", "MotaAPI.csproj", "{994E71BA-678D-4EC8-A403-C776071F49DD}"
EndProject
Global
	GlobalSection(SolutionConfigurationPlatforms) = preSolution
		Debug|Any CPU = Debug|Any CPU
		Release|Any CPU = Release|Any CPU
	EndGlobalSection
	GlobalSection(ProjectConfigurationPlatforms) = postSolution
		{994E71BA-678D-4EC8-A403-C776071F49DD}.Debug|Any CPU.ActiveCfg = Debug|Any CPU
		{994E71BA-678D-4EC8-A403-C776071F49DD}.Debug|Any CPU.Build.0 = Debug|Any CPU
		{994E71BA-678D-4EC8-A403-C776071F49DD}.Release|Any CPU.ActiveCfg = Release|Any CPU
		{994E71BA-678D-4EC8-A403-C776071F49DD}.Release|Any CPU.Build.0 = Release|Any CPU
	EndGlobalSection
	GlobalSection(SolutionProperties) = preSolution
		HideSolutionNode = FALSE
	EndGlobalSection
	GlobalSection(ExtensibilityGlobals) = postSolution
		SolutionGuid = {EDB9A0CE-FCFC-4CA3-8166-6CEE34CEB1BE}
	EndGlobalSection
EndGlobal
